
Microsoft Visual Studio Solution File, Format Version 12.00
# Visual Studio Version 17
VisualStudioVersion = 17.2.32630.192
MinimumVisualStudioVersion = 10.0.40219.1
Project("{9A19103F-16F7-4668-BE54-9A1E7A4F7556}") = "designPatterns", "designPatterns.csproj", "{756F99CA-6E67-42D6-B8D1-582B76AA6331}"
EndProject
Global
	GlobalSection(SolutionConfigurationPlatforms) = preSolution
		Debug|Any CPU = Debug|Any CPU
		Release|Any CPU = Release|Any CPU
	EndGlobalSection
	GlobalSection(ProjectConfigurationPlatforms) = postSolution
		{756F99CA-6E67-42D6-B8D1-582B76AA6331}.Debug|Any CPU.ActiveCfg = Debug|Any CPU
		{756F99CA-6E67-42D6-B8D1-582B76AA6331}.Debug|Any CPU.Build.0 = Debug|Any CPU
		{756F99CA-6E67-42D6-B8D1-582B76AA6331}.Release|Any CPU.ActiveCfg = Release|Any CPU
		{756F99CA-6E67-42D6-B8D1-582B76AA6331}.Release|Any CPU.Build.0 = Release|Any CPU
	EndGlobalSection
	GlobalSection(SolutionProperties) = preSolution
		HideSolutionNode = FALSE
	EndGlobalSection
	GlobalSection(ExtensibilityGlobals) = postSolution
		SolutionGuid = {A8186E57-013A-493F-B635-189628208A1C}
	EndGlobalSection
EndGlobal
